
Microsoft Visual Studio Solution File, Format Version 12.00
# Visual Studio Version 17
VisualStudioVersion = 17.2.32630.192
MinimumVisualStudioVersion = 10.0.40219.1
Project("{FAE04EC0-301F-11D3-BF4B-00C04F79EFBC}") = "Net6ProcessLab", "Net6ProcessLab.csproj", "{90072EE7-337D-4415-8CBE-397A649DE20A}"
EndProject
Global
	GlobalSection(SolutionConfigurationPlatforms) = preSolution
		Debug|Any CPU = Debug|Any CPU
		Release|Any CPU = Release|Any CPU
	EndGlobalSection
	GlobalSection(ProjectConfigurationPlatforms) = postSolution
		{90072EE7-337D-4415-8CBE-397A649DE20A}.Debug|Any CPU.ActiveCfg = Debug|Any CPU
		{90072EE7-337D-4415-8CBE-397A649DE20A}.Debug|Any CPU.Build.0 = Debug|Any CPU
		{90072EE7-337D-4415-8CBE-397A649DE20A}.Release|Any CPU.ActiveCfg = Release|Any CPU
		{90072EE7-337D-4415-8CBE-397A649DE20A}.Release|Any CPU.Build.0 = Release|Any CPU
	EndGlobalSection
	GlobalSection(SolutionProperties) = preSolution
		HideSolutionNode = FALSE
	EndGlobalSection
	GlobalSection(ExtensibilityGlobals) = postSolution
		SolutionGuid = {1524190C-70C1-4B82-A126-4A1329961A5F}
	EndGlobalSection
EndGlobal
